// !$*UTF8*$!
{
	archiveVersion = 1;
	classes = {
	};
	objectVersion = 46;
	objects = {

/* Begin PBXBuildFile section */
		F0BA264B1CD11208005A55FD /* main.m in Sources */ = {isa = PBXBuildFile; fileRef = F0BA264A1CD11208005A55FD /* main.m */; };
		F0BA264E1CD11208005A55FD /* AppDelegate.m in Sources */ = {isa = PBXBuildFile; fileRef = F0BA264D1CD11208005A55FD /* AppDelegate.m */; };
		F0BA26511CD11208005A55FD /* ViewController.m in Sources */ = {isa = PBXBuildFile; fileRef = F0BA26501CD11208005A55FD /* ViewController.m */; };
		F0BA26541CD11208005A55FD /* Main.storyboard in Resources */ = {isa = PBXBuildFile; fileRef = F0BA26521CD11208005A55FD /* Main.storyboard */; };
		F0BA26561CD11208005A55FD /* Assets.xcassets in Resources */ = {isa = PBXBuildFile; fileRef = F0BA26551CD11208005A55FD /* Assets.xcassets */; };
		F0BA26591CD11208005A55FD /* LaunchScreen.storyboard in Resources */ = {isa = PBXBuildFile; fileRef = F0BA26571CD11208005A55FD /* LaunchScreen.storyboard */; };
		F0BA26621CD112D7005A55FD /* TipCalc.m in Sources */ = {isa = PBXBuildFile; fileRef = F0BA26611CD112D7005A55FD /* TipCalc.m */; };
/* End PBXBuildFile section */

/* Begin PBXFileReference section */
		F0BA26461CD11208005A55FD /* IronyardTest2.app */ = {isa = PBXFileReference; explicitFileType = wrapper.application; includeInIndex = 0; path = IronyardTest2.app; sourceTree = BUILT_PRODUCTS_DIR; };
		F0BA264A1CD11208005A55FD /* main.m */ = {isa = PBXFileReference; lastKnownFileType = sourcecode.c.objc; path = main.m; sourceTree = "<group>"; };
		F0BA264C1CD11208005A55FD /* AppDelegate.h */ = {isa = PBXFileReference; lastKnownFileType = sourcecode.c.h; path = AppDelegate.h; sourceTree = "<group>"; };
		F0BA264D1CD11208005A55FD /* AppDelegate.m */ = {isa = PBXFileReference; lastKnownFileType = sourcecode.c.objc; path = AppDelegate.m; sourceTree = "<group>"; };
		F0BA264F1CD11208005A55FD /* ViewController.h */ = {isa = PBXFileReference; lastKnownFileType = sourcecode.c.h; path = ViewController.h; sourceTree = "<group>"; };
		F0BA26501CD11208005A55FD /* ViewController.m */ = {isa = PBXFileReference; lastKnownFileType = sourcecode.c.objc; path = ViewController.m; sourceTree = "<group>"; };
		F0BA26531CD11208005A55FD /* Base */ = {isa = PBXFileReference; lastKnownFileType = file.storyboard; name = Base; path = Base.lproj/Main.storyboard; sourceTree = "<group>"; };
		F0BA26551CD11208005A55FD /* Assets.xcassets */ = {isa = PBXFileReference; lastKnownFileType = folder.assetcatalog; path = Assets.xcassets; sourceTree = "<group>"; };
		F0BA26581CD11208005A55FD /* Base */ = {isa = PBXFileReference; lastKnownFileType = file.storyboard; name = Base; path = Base.lproj/LaunchScreen.storyboard; sourceTree = "<group>"; };
		F0BA265A1CD11208005A55FD /* Info.plist */ = {isa = PBXFileReference; lastKnownFileType = text.plist.xml; path = Info.plist; sourceTree = "<group>"; };
		F0BA26601CD112D7005A55FD /* TipCalc.h */ = {isa = PBXFileReference; fileEncoding = 4; lastKnownFileType = sourcecode.c.h; path = TipCalc.h; sourceTree = "<group>"; };
		F0BA26611CD112D7005A55FD /* TipCalc.m */ = {isa = PBXFileReference; fileEncoding = 4; lastKnownFileType = sourcecode.c.objc; path = TipCalc.m; sourceTree = "<group>"; };
/* End PBXFileReference section */

/* Begin PBXFrameworksBuildPhase section */
		F0BA26431CD11208005A55FD /* Frameworks */ = {
			isa = PBXFrameworksBuildPhase;
			buildActionMask = 2147483647;
			files = (
			);
			runOnlyForDeploymentPostprocessing = 0;
		};
/* End PBXFrameworksBuildPhase section */

/* Begin PBXGroup section */
		F0BA263D1CD11208005A55FD = {
			isa = PBXGroup;
			children = (
				F0BA26481CD11208005A55FD /* IronyardTest2 */,
				F0BA26471CD11208005A55FD /* Products */,
			);
			sourceTree = "<group>";
		};
		F0BA26471CD11208005A55FD /* Products */ = {
			isa = PBXGroup;
			children = (
				F0BA26461CD11208005A55FD /* IronyardTest2.app */,
			);
			name = Products;
			sourceTree = "<group>";
		};
		F0BA26481CD11208005A55FD /* IronyardTest2 */ = {
			isa = PBXGroup;
			children = (
				F0BA264C1CD11208005A55FD /* AppDelegate.h */,
				F0BA264D1CD11208005A55FD /* AppDelegate.m */,
				F0BA264F1CD11208005A55FD /* ViewController.h */,
				F0BA26501CD11208005A55FD /* ViewController.m */,
				F0BA26521CD11208005A55FD /* Main.storyboard */,
				F0BA26551CD11208005A55FD /* Assets.xcassets */,
				F0BA26571CD11208005A55FD /* LaunchScreen.storyboard */,
				F0BA265A1CD11208005A55FD /* Info.plist */,
				F0BA26491CD11208005A55FD /* Supporting Files */,
				F0BA26601CD112D7005A55FD /* TipCalc.h */,
				F0BA26611CD112D7005A55FD /* TipCalc.m */,
			);
			path = IronyardTest2;
			sourceTree = "<group>";
		};
		F0BA26491CD11208005A55FD /* Supporting Files */ = {
			isa = PBXGroup;
			children = (
				F0BA264A1CD11208005A55FD /* main.m */,
			);
			name = "Supporting Files";
			sourceTree = "<group>";
		};
/* End PBXGroup section */

/* Begin PBXNativeTarget section */
		F0BA26451CD11208005A55FD /* IronyardTest2 */ = {
			isa = PBXNativeTarget;
			buildConfigurationList = F0BA265D1CD11208005A55FD /* Build configuration list for PBXNativeTarget "IronyardTest2" */;
			buildPhases = (
				F0BA26421CD11208005A55FD /* Sources */,
				F0BA26431CD11208005A55FD /* Frameworks */,
				F0BA26441CD11208005A55FD /* Resources */,
			);
			buildRules = (
			);
			dependencies = (
			);
			name = IronyardTest2;
			productName = IronyardTest2;
			productReference = F0BA26461CD11208005A55FD /* IronyardTest2.app */;
			productType = "com.apple.product-type.application";
		};
/* End PBXNativeTarget section */

/* Begin PBXProject section */
		F0BA263E1CD11208005A55FD /* Project object */ = {
			isa = PBXProject;
			attributes = {
				LastUpgradeCheck = 0730;
				ORGANIZATIONNAME = "Ironworks Media Limited";
				TargetAttributes = {
					F0BA26451CD11208005A55FD = {
						CreatedOnToolsVersion = 7.3;
					};
				};
			};
			buildConfigurationList = F0BA26411CD11208005A55FD /* Build configuration list for PBXProject "IronyardTest2" */;
			compatibilityVersion = "Xcode 3.2";
			developmentRegion = English;
			hasScannedForEncodings = 0;
			knownRegions = (
				en,
				Base,
			);
			mainGroup = F0BA263D1CD11208005A55FD;
			productRefGroup = F0BA26471CD11208005A55FD /* Products */;
			projectDirPath = "";
			projectRoot = "";
			targets = (
				F0BA26451CD11208005A55FD /* IronyardTest2 */,
			);
		};
/* End PBXProject section */

/* Begin PBXResourcesBuildPhase section */
		F0BA26441CD11208005A55FD /* Resources */ = {
			isa = PBXResourcesBuildPhase;
			buildActionMask = 2147483647;
			files = (
				F0BA26591CD11208005A55FD /* LaunchScreen.storyboard in Resources */,
				F0BA26561CD11208005A55FD /* Assets.xcassets in Resources */,
				F0BA26541CD11208005A55FD /* Main.storyboard in Resources */,
			);
			runOnlyForDeploymentPostprocessing = 0;
		};
/* End PBXResourcesBuildPhase section */

/* Begin PBXSourcesBuildPhase section */
		F0BA26421CD11208005A55FD /* Sources */ = {
			isa = PBXSourcesBuildPhase;
			buildActionMask = 2147483647;
			files = (
				F0BA26621CD112D7005A55FD /* TipCalc.m in Sources */,
				F0BA26511CD11208005A55FD /* ViewController.m in Sources */,
				F0BA264E1CD11208005A55FD /* AppDelegate.m in Sources */,
				F0BA264B1CD11208005A55FD /* main.m in Sources */,
			);
			runOnlyForDeploymentPostprocessing = 0;
		};
/* End PBXSourcesBuildPhase section */

/* Begin PBXVariantGroup section */
		F0BA26521CD11208005A55FD /* Main.storyboard */ = {
			isa = PBXVariantGroup;
			children = (
				F0BA26531CD11208005A55FD /* Base */,
			);
			name = Main.storyboard;
			sourceTree = "<group>";
		};
		F0BA26571CD11208005A55FD /* LaunchScreen.storyboard */ = {
			isa = PBXVariantGroup;
			children = (
				F0BA26581CD11208005A55FD /* Base */,
			);
			name = LaunchScreen.storyboard;
			sourceTree = "<group>";
		};
/* End PBXVariantGroup section */

/* Begin XCBuildConfiguration section */
		F0BA265B1CD11208005A55FD /* Debug */ = {
			isa = XCBuildConfiguration;
			buildSettings = {
				ALWAYS_SEARCH_USER_PATHS = NO;
				CLANG_ANALYZER_NONNULL = YES;
				CLANG_CXX_LANGUAGE_STANDARD = "gnu++0x";
				CLANG_CXX_LIBRARY = "libc++";
				CLANG_ENABLE_MODULES = YES;
				CLANG_ENABLE_OBJC_ARC = YES;
				CLANG_WARN_BOOL_CONVERSION = YES;
				CLANG_WARN_CONSTANT_CONVERSION = YES;
				CLANG_WARN_DIRECT_OBJC_ISA_USAGE = YES_ERROR;
				CLANG_WARN_EMPTY_BODY = YES;
				CLANG_WARN_ENUM_CONVERSION = YES;
				CLANG_WARN_INT_CONVERSION = YES;
				CLANG_WARN_OBJC_ROOT_CLASS = YES_ERROR;
				CLANG_WARN_UNREACHABLE_CODE = YES;
				CLANG_WARN__DUPLICATE_METHOD_MATCH = YES;
				"CODE_SIGN_IDENTITY[sdk=iphoneos*]" = "iPhone Developer";
				COPY_PHASE_STRIP = NO;
				DEBUG_INFORMATION_FORMAT = dwarf;
				ENABLE_STRICT_OBJC_MSGSEND = YES;
				ENABLE_TESTABILITY = YES;
				GCC_C_LANGUAGE_STANDARD = gnu99;
				GCC_DYNAMIC_NO_PIC = NO;
				GCC_NO_COMMON_BLOCKS = YES;
				GCC_OPTIMIZATION_LEVEL = 0;
				GCC_PREPROCESSOR_DEFINITIONS = (
					"DEBUG=1",
					"$(inherited)",
				);
				GCC_WARN_64_TO_32_BIT_CONVERSION = YES;
				GCC_WARN_ABOUT_RETURN_TYPE = YES_ERROR;
				GCC_WARN_UNDECLARED_SELECTOR = YES;
				GCC_WARN_UNINITIALIZED_AUTOS = YES_AGGRESSIVE;
				GCC_WARN_UNUSED_FUNCTION = YES;
				GCC_WARN_UNUSED_VARIABLE = YES;
				IPHONEOS_DEPLOYMENT_TARGET = 9.3;
				MTL_ENABLE_DEBUG_INFO = YES;
				ONLY_ACTIVE_ARCH = YES;
				SDKROOT = iphoneos;
				TARGETED_DEVICE_FAMILY = "1,2";
			};
			name = Debug;
		};
		F0BA265C1CD11208005A55FD /* Release */ = {
			isa = XCBuildConfiguration;
			buildSettings = {
				ALWAYS_SEARCH_USER_PATHS = NO;
				CLANG_ANALYZER_NONNULL = YES;
				CLANG_CXX_LANGUAGE_STANDARD = "gnu++0x";
				CLANG_CXX_LIBRARY = "libc++";
				CLANG_ENABLE_MODULES = YES;
				CLANG_ENABLE_OBJC_ARC = YES;
				CLANG_WARN_BOOL_CONVERSION = YES;
				CLANG_WARN_CONSTANT_CONVERSION = YES;
				CLANG_WARN_DIRECT_OBJC_ISA_USAGE = YES_ERROR;
				CLANG_WARN_EMPTY_BODY = YES;
				CLANG_WARN_ENUM_CONVERSION = YES;
				CLANG_WARN_INT_CONVERSION = YES;
				CLANG_WARN_OBJC_ROOT_CLASS = YES_ERROR;
				CLANG_WARN_UNREACHABLE_CODE = YES;
				CLANG_WARN__DUPLICATE_METHOD_MATCH = YES;
				"CODE_SIGN_IDENTITY[sdk=iphoneos*]" = "iPhone Developer";
				COPY_PHASE_STRIP = NO;
				DEBUG_INFORMATION_FORMAT = "dwarf-with-dsym";
				ENABLE_NS_ASSERTIONS = NO;
				ENABLE_STRICT_OBJC_MSGSEND = YES;
				GCC_C_LANGUAGE_STANDARD = gnu99;
				GCC_NO_COMMON_BLOCKS = YES;
				GCC_WARN_64_TO_32_BIT_CONVERSION = YES;
				GCC_WARN_ABOUT_RETURN_TYPE = YES_ERROR;
				GCC_WARN_UNDECLARED_SELECTOR = YES;
				GCC_WARN_UNINITIALIZED_AUTOS = YES_AGGRESSIVE;
				GCC_WARN_UNUSED_FUNCTION = YES;
				GCC_WARN_UNUSED_VARIABLE = YES;
				IPHONEOS_DEPLOYMENT_TARGET = 9.3;
				MTL_ENABLE_DEBUG_INFO = NO;
				SDKROOT = iphoneos;
				TARGETED_DEVICE_FAMILY = "1,2";
				VALIDATE_PRODUCT = YES;
			};
			name = Release;
		};
		F0BA265E1CD11208005A55FD /* Debug */ = {
			isa = XCBuildConfiguration;
			buildSettings = {
				ASSETCATALOG_COMPILER_APPICON_NAME = AppIcon;
				INFOPLIST_FILE = IronyardTest2/Info.plist;
				LD_RUNPATH_SEARCH_PATHS = "$(inherited) @executable_path/Frameworks";
				PRODUCT_BUNDLE_IDENTIFIER = uk.co.ironworksmedialimited.IronyardTest2;
				PRODUCT_NAME = "$(TARGET_NAME)";
			};
			name = Debug;
		};
		F0BA265F1CD11208005A55FD /* Release */ = {
			isa = XCBuildConfiguration;
			buildSettings = {
				ASSETCATALOG_COMPILER_APPICON_NAME = AppIcon;
				INFOPLIST_FILE = IronyardTest2/Info.plist;
				LD_RUNPATH_SEARCH_PATHS = "$(inherited) @executable_path/Frameworks";
				PRODUCT_BUNDLE_IDENTIFIER = uk.co.ironworksmedialimited.IronyardTest2;
				PRODUCT_NAME = "$(TARGET_NAME)";
			};
			name = Release;
		};
/* End XCBuildConfiguration section */

/* Begin XCConfigurationList section */
		F0BA26411CD11208005A55FD /* Build configuration list for PBXProject "IronyardTest2" */ = {
			isa = XCConfigurationList;
			buildConfigurations = (
				F0BA265B1CD11208005A55FD /* Debug */,
				F0BA265C1CD11208005A55FD /* Release */,
			);
			defaultConfigurationIsVisible = 0;
			defaultConfigurationName = Release;
		};
		F0BA265D1CD11208005A55FD /* Build configuration list for PBXNativeTarget "IronyardTest2" */ = {
			isa = XCConfigurationList;
			buildConfigurations = (
				F0BA265E1CD11208005A55FD /* Debug */,
				F0BA265F1CD11208005A55FD /* Release */,
			);
			defaultConfigurationIsVisible = 0;
		};
/* End XCConfigurationList section */
	};
	rootObject = F0BA263E1CD11208005A55FD /* Project object */;
}
